
Microsoft Visual Studio Solution File, Format Version 12.00
# Visual Studio Version 17
VisualStudioVersion = 17.13.35913.81 d17.13
MinimumVisualStudioVersion = 10.0.40219.1
Project("{F184B08F-C81C-45F6-A57F-5ABD9991F28F}") = "IncomeTax", "IncomeTax.vbproj", "{51B6A892-50CB-448D-9180-B16DE683D3DF}"
EndProject
Global
	GlobalSection(SolutionConfigurationPlatforms) = preSolution
		Debug|Any CPU = Debug|Any CPU
		Release|Any CPU = Release|Any CPU
	EndGlobalSection
	GlobalSection(ProjectConfigurationPlatforms) = postSolution
		{51B6A892-50CB-448D-9180-B16DE683D3DF}.Debug|Any CPU.ActiveCfg = Debug|Any CPU
		{51B6A892-50CB-448D-9180-B16DE683D3DF}.Debug|Any CPU.Build.0 = Debug|Any CPU
		{51B6A892-50CB-448D-9180-B16DE683D3DF}.Release|Any CPU.ActiveCfg = Release|Any CPU
		{51B6A892-50CB-448D-9180-B16DE683D3DF}.Release|Any CPU.Build.0 = Release|Any CPU
	EndGlobalSection
	GlobalSection(SolutionProperties) = preSolution
		HideSolutionNode = FALSE
	EndGlobalSection
	GlobalSection(ExtensibilityGlobals) = postSolution
		SolutionGuid = {EC6ADC1B-2655-4861-AC3A-267385DFBD02}
	EndGlobalSection
EndGlobal
